{
  "name": "color-format",
  "version": "1.0.0-alpha.1",
  "lockfileVersion": 1,
  "requires": true,
  "dependencies": {
    "@climb/partition": {
      "version": "1.0.0-alpha.3",
      "resolved": "https://registry.npmjs.org/@climb/partition/-/partition-1.0.0-alpha.3.tgz",
      "integrity": "sha512-NQiE3WZ4MCzcBlecl2G2wQPn3MNC068LyAjy6QE2xDdCm/pWml8vsXvzDV6DJIfsEeb/3deIkYAbF8hU0k3odA=="
    },
    "templated-regular-expression": {
      "version": "1.0.0-alpha.3",
      "resolved": "https://registry.npmjs.org/templated-regular-expression/-/templated-regular-expression-1.0.0-alpha.3.tgz",
      "integrity": "sha512-omzRqyKzoMkczx9UKVaGpoAm7/GT7sMSXMtG8RpJsJ9j3BaBRSRjQbM45Y8EnA0YF9VmvxrdPwf77yA/zunXeg==",
      "requires": {
        "@climb/partition": "1.0.0-alpha.3"
      }
    }
  }
}
